
Microsoft Visual Studio Solution File, Format Version 12.00
# Visual Studio Version 17
VisualStudioVersion = 17.0.31903.59
MinimumVisualStudioVersion = 10.0.40219.1
Project("{FAE04EC0-301F-11D3-BF4B-00C04F79EFBC}") = "GSCMaster.API", "GSCMaster.API\GSCMaster.API.csproj", "{5F6D4D4A-4F84-4FEB-81C1-87EBF76F0BB5}"
EndProject
Project("{FAE04EC0-301F-11D3-BF4B-00C04F79EFBC}") = "GSCMaster.Client", "GSCMaster.Client\GSCMaster.Client.csproj", "{EF7EAE39-842C-4C26-9046-673F472E1A8B}"
EndProject
Project("{FAE04EC0-301F-11D3-BF4B-00C04F79EFBC}") = "GSCMaster.Application", "GSCMaster.Application\GSCMaster.Application.csproj", "{56CAA024-98FE-471A-B80A-6269DA7FFB5C}"
EndProject
Project("{FAE04EC0-301F-11D3-BF4B-00C04F79EFBC}") = "GSCMaster.Core", "GSCMaster.Core\GSCMaster.Core.csproj", "{52B7D614-4198-4727-AF3B-688428D53899}"
EndProject
Project("{FAE04EC0-301F-11D3-BF4B-00C04F79EFBC}") = "GSCMaster.Infrastructure", "GSCMaster.Infrastructure\GSCMaster.Infrastructure.csproj", "{D2194C73-79D5-46F4-B725-F1350A8D66C3}"
EndProject
Project("{FAE04EC0-301F-11D3-BF4B-00C04F79EFBC}") = "GSCMaster.Contracts", "GSCMaster.Contracts\GSCMaster.Contracts.csproj", "{2287A468-C8B4-4D89-AB90-30116A52EE8B}"
EndProject
Global
	GlobalSection(SolutionConfigurationPlatforms) = preSolution
		Debug|Any CPU = Debug|Any CPU
		Release|Any CPU = Release|Any CPU
	EndGlobalSection
	GlobalSection(SolutionProperties) = preSolution
		HideSolutionNode = FALSE
	EndGlobalSection
	GlobalSection(ProjectConfigurationPlatforms) = postSolution
		{5F6D4D4A-4F84-4FEB-81C1-87EBF76F0BB5}.Debug|Any CPU.ActiveCfg = Debug|Any CPU
		{5F6D4D4A-4F84-4FEB-81C1-87EBF76F0BB5}.Debug|Any CPU.Build.0 = Debug|Any CPU
		{5F6D4D4A-4F84-4FEB-81C1-87EBF76F0BB5}.Release|Any CPU.ActiveCfg = Release|Any CPU
		{5F6D4D4A-4F84-4FEB-81C1-87EBF76F0BB5}.Release|Any CPU.Build.0 = Release|Any CPU
		{EF7EAE39-842C-4C26-9046-673F472E1A8B}.Debug|Any CPU.ActiveCfg = Debug|Any CPU
		{EF7EAE39-842C-4C26-9046-673F472E1A8B}.Debug|Any CPU.Build.0 = Debug|Any CPU
		{EF7EAE39-842C-4C26-9046-673F472E1A8B}.Release|Any CPU.ActiveCfg = Release|Any CPU
		{EF7EAE39-842C-4C26-9046-673F472E1A8B}.Release|Any CPU.Build.0 = Release|Any CPU
		{56CAA024-98FE-471A-B80A-6269DA7FFB5C}.Debug|Any CPU.ActiveCfg = Debug|Any CPU
		{56CAA024-98FE-471A-B80A-6269DA7FFB5C}.Debug|Any CPU.Build.0 = Debug|Any CPU
		{56CAA024-98FE-471A-B80A-6269DA7FFB5C}.Release|Any CPU.ActiveCfg = Release|Any CPU
		{56CAA024-98FE-471A-B80A-6269DA7FFB5C}.Release|Any CPU.Build.0 = Release|Any CPU
		{52B7D614-4198-4727-AF3B-688428D53899}.Debug|Any CPU.ActiveCfg = Debug|Any CPU
		{52B7D614-4198-4727-AF3B-688428D53899}.Debug|Any CPU.Build.0 = Debug|Any CPU
		{52B7D614-4198-4727-AF3B-688428D53899}.Release|Any CPU.ActiveCfg = Release|Any CPU
		{52B7D614-4198-4727-AF3B-688428D53899}.Release|Any CPU.Build.0 = Release|Any CPU
		{D2194C73-79D5-46F4-B725-F1350A8D66C3}.Debug|Any CPU.ActiveCfg = Debug|Any CPU
		{D2194C73-79D5-46F4-B725-F1350A8D66C3}.Debug|Any CPU.Build.0 = Debug|Any CPU
		{D2194C73-79D5-46F4-B725-F1350A8D66C3}.Release|Any CPU.ActiveCfg = Release|Any CPU
		{D2194C73-79D5-46F4-B725-F1350A8D66C3}.Release|Any CPU.Build.0 = Release|Any CPU
		{2287A468-C8B4-4D89-AB90-30116A52EE8B}.Debug|Any CPU.ActiveCfg = Debug|Any CPU
		{2287A468-C8B4-4D89-AB90-30116A52EE8B}.Debug|Any CPU.Build.0 = Debug|Any CPU
		{2287A468-C8B4-4D89-AB90-30116A52EE8B}.Release|Any CPU.ActiveCfg = Release|Any CPU
		{2287A468-C8B4-4D89-AB90-30116A52EE8B}.Release|Any CPU.Build.0 = Release|Any CPU
	EndGlobalSection
EndGlobal
