Microsoft Visual Studio Solution File, Format Version 12.00
# Visual Studio Version 16
VisualStudioVersion = 16.0.30114.105
MinimumVisualStudioVersion = 10.0.40219.1
Project("{FAE04EC0-301F-11D3-BF4B-00C04F79EFBC}") = "GSCMasterGuide.API", "GSCMasterGuide.API\GSCMasterGuide.API.csproj", "{9426534F-D876-45B0-B94D-E3B90A870259}"
EndProject
Project("{FAE04EC0-301F-11D3-BF4B-00C04F79EFBC}") = "GSCMasterGuide.Blazor", "GSCMasterGuide.Blazor\GSCMasterGuide.Blazor.csproj", "{147485F5-79FE-4DEF-B319-56799C06B972}"
EndProject
Project("{FAE04EC0-301F-11D3-BF4B-00C04F79EFBC}") = "GSCMasterGuide.Core", "GSCMasterGuide.Core\GSCMasterGuide.Core.csproj", "{2DE9763F-FEC0-477E-A37E-3E5F62EE5A14}"
EndProject
Project("{FAE04EC0-301F-11D3-BF4B-00C04F79EFBC}") = "GSCMasterGuide.Infrastructure", "GSCMasterGuide.Infrastructure\GSCMasterGuide.Infrastructure.csproj", "{55A6DCC8-B8D9-4EB5-B53A-813BBABF45F0}"
EndProject
Global
	GlobalSection(SolutionConfigurationPlatforms) = preSolution
		Debug|Any CPU = Debug|Any CPU
		Release|Any CPU = Release|Any CPU
	EndGlobalSection
	GlobalSection(SolutionProperties) = preSolution
		HideSolutionNode = FALSE
	EndGlobalSection
	GlobalSection(ProjectConfigurationPlatforms) = postSolution
		{9426534F-D876-45B0-B94D-E3B90A870259}.Debug|Any CPU.ActiveCfg = Debug|Any CPU
		{9426534F-D876-45B0-B94D-E3B90A870259}.Debug|Any CPU.Build.0 = Debug|Any CPU
		{9426534F-D876-45B0-B94D-E3B90A870259}.Release|Any CPU.ActiveCfg = Release|Any CPU
		{9426534F-D876-45B0-B94D-E3B90A870259}.Release|Any CPU.Build.0 = Release|Any CPU
		{147485F5-79FE-4DEF-B319-56799C06B972}.Debug|Any CPU.ActiveCfg = Debug|Any CPU
		{147485F5-79FE-4DEF-B319-56799C06B972}.Debug|Any CPU.Build.0 = Debug|Any CPU
		{147485F5-79FE-4DEF-B319-56799C06B972}.Release|Any CPU.ActiveCfg = Release|Any CPU
		{147485F5-79FE-4DEF-B319-56799C06B972}.Release|Any CPU.Build.0 = Release|Any CPU
		{2DE9763F-FEC0-477E-A37E-3E5F62EE5A14}.Debug|Any CPU.ActiveCfg = Debug|Any CPU
		{2DE9763F-FEC0-477E-A37E-3E5F62EE5A14}.Debug|Any CPU.Build.0 = Debug|Any CPU
		{2DE9763F-FEC0-477E-A37E-3E5F62EE5A14}.Release|Any CPU.ActiveCfg = Release|Any CPU
		{2DE9763F-FEC0-477E-A37E-3E5F62EE5A14}.Release|Any CPU.Build.0 = Release|Any CPU
		{55A6DCC8-B8D9-4EB5-B53A-813BBABF45F0}.Debug|Any CPU.ActiveCfg = Debug|Any CPU
		{55A6DCC8-B8D9-4EB5-B53A-813BBABF45F0}.Debug|Any CPU.Build.0 = Debug|Any CPU
		{55A6DCC8-B8D9-4EB5-B53A-813BBABF45F0}.Release|Any CPU.ActiveCfg = Release|Any CPU
		{55A6DCC8-B8D9-4EB5-B53A-813BBABF45F0}.Release|Any CPU.Build.0 = Release|Any CPU
	EndGlobalSection
EndGlobal
